// !$*UTF8*$!
{
	archiveVersion = 1;
	classes = {
	};
	objectVersion = 46;
	objects = {

/* Begin PBXBuildFile section */
		5624FD171B26AE2A00E9D2B0 /* main.m in Sources */ = {isa = PBXBuildFile; fileRef = 5624FD161B26AE2A00E9D2B0 /* main.m */; };
		5624FD1A1B26AE2A00E9D2B0 /* AppDelegate.m in Sources */ = {isa = PBXBuildFile; fileRef = 5624FD191B26AE2A00E9D2B0 /* AppDelegate.m */; };
		5624FD1D1B26AE2A00E9D2B0 /* ViewController.m in Sources */ = {isa = PBXBuildFile; fileRef = 5624FD1C1B26AE2A00E9D2B0 /* ViewController.m */; };
		5624FD201B26AE2A00E9D2B0 /* Main.storyboard in Resources */ = {isa = PBXBuildFile; fileRef = 5624FD1E1B26AE2A00E9D2B0 /* Main.storyboard */; };
		5624FD221B26AE2A00E9D2B0 /* Images.xcassets in Resources */ = {isa = PBXBuildFile; fileRef = 5624FD211B26AE2A00E9D2B0 /* Images.xcassets */; };
		5624FD251B26AE2A00E9D2B0 /* LaunchScreen.xib in Resources */ = {isa = PBXBuildFile; fileRef = 5624FD231B26AE2A00E9D2B0 /* LaunchScreen.xib */; };
		5624FD311B26AE2A00E9D2B0 /* WikiTests.m in Sources */ = {isa = PBXBuildFile; fileRef = 5624FD301B26AE2A00E9D2B0 /* WikiTests.m */; };
/* End PBXBuildFile section */

/* Begin PBXContainerItemProxy section */
		5624FD2B1B26AE2A00E9D2B0 /* PBXContainerItemProxy */ = {
			isa = PBXContainerItemProxy;
			containerPortal = 5624FD091B26AE2A00E9D2B0 /* Project object */;
			proxyType = 1;
			remoteGlobalIDString = 5624FD101B26AE2A00E9D2B0;
			remoteInfo = Wiki;
		};
/* End PBXContainerItemProxy section */

/* Begin PBXFileReference section */
		5624FD111B26AE2A00E9D2B0 /* Wiki.app */ = {isa = PBXFileReference; explicitFileType = wrapper.application; includeInIndex = 0; path = Wiki.app; sourceTree = BUILT_PRODUCTS_DIR; };
		5624FD151B26AE2A00E9D2B0 /* Info.plist */ = {isa = PBXFileReference; lastKnownFileType = text.plist.xml; path = Info.plist; sourceTree = "<group>"; };
		5624FD161B26AE2A00E9D2B0 /* main.m */ = {isa = PBXFileReference; lastKnownFileType = sourcecode.c.objc; path = main.m; sourceTree = "<group>"; };
		5624FD181B26AE2A00E9D2B0 /* AppDelegate.h */ = {isa = PBXFileReference; lastKnownFileType = sourcecode.c.h; path = AppDelegate.h; sourceTree = "<group>"; };
		5624FD191B26AE2A00E9D2B0 /* AppDelegate.m */ = {isa = PBXFileReference; lastKnownFileType = sourcecode.c.objc; path = AppDelegate.m; sourceTree = "<group>"; };
		5624FD1B1B26AE2A00E9D2B0 /* ViewController.h */ = {isa = PBXFileReference; lastKnownFileType = sourcecode.c.h; path = ViewController.h; sourceTree = "<group>"; };
		5624FD1C1B26AE2A00E9D2B0 /* ViewController.m */ = {isa = PBXFileReference; lastKnownFileType = sourcecode.c.objc; path = ViewController.m; sourceTree = "<group>"; };
		5624FD1F1B26AE2A00E9D2B0 /* Base */ = {isa = PBXFileReference; lastKnownFileType = file.storyboard; name = Base; path = Base.lproj/Main.storyboard; sourceTree = "<group>"; };
		5624FD211B26AE2A00E9D2B0 /* Images.xcassets */ = {isa = PBXFileReference; lastKnownFileType = folder.assetcatalog; path = Images.xcassets; sourceTree = "<group>"; };
		5624FD241B26AE2A00E9D2B0 /* Base */ = {isa = PBXFileReference; lastKnownFileType = file.xib; name = Base; path = Base.lproj/LaunchScreen.xib; sourceTree = "<group>"; };
		5624FD2A1B26AE2A00E9D2B0 /* WikiTests.xctest */ = {isa = PBXFileReference; explicitFileType = wrapper.cfbundle; includeInIndex = 0; path = WikiTests.xctest; sourceTree = BUILT_PRODUCTS_DIR; };
		5624FD2F1B26AE2A00E9D2B0 /* Info.plist */ = {isa = PBXFileReference; lastKnownFileType = text.plist.xml; path = Info.plist; sourceTree = "<group>"; };
		5624FD301B26AE2A00E9D2B0 /* WikiTests.m */ = {isa = PBXFileReference; lastKnownFileType = sourcecode.c.objc; path = WikiTests.m; sourceTree = "<group>"; };
/* End PBXFileReference section */

/* Begin PBXFrameworksBuildPhase section */
		5624FD0E1B26AE2A00E9D2B0 /* Frameworks */ = {
			isa = PBXFrameworksBuildPhase;
			buildActionMask = 2147483647;
			files = (
			);
			runOnlyForDeploymentPostprocessing = 0;
		};
		5624FD271B26AE2A00E9D2B0 /* Frameworks */ = {
			isa = PBXFrameworksBuildPhase;
			buildActionMask = 2147483647;
			files = (
			);
			runOnlyForDeploymentPostprocessing = 0;
		};
/* End PBXFrameworksBuildPhase section */

/* Begin PBXGroup section */
		5624FD081B26AE2A00E9D2B0 = {
			isa = PBXGroup;
			children = (
				5624FD131B26AE2A00E9D2B0 /* Wiki */,
				5624FD2D1B26AE2A00E9D2B0 /* WikiTests */,
				5624FD121B26AE2A00E9D2B0 /* Products */,
			);
			sourceTree = "<group>";
		};
		5624FD121B26AE2A00E9D2B0 /* Products */ = {
			isa = PBXGroup;
			children = (
				5624FD111B26AE2A00E9D2B0 /* Wiki.app */,
				5624FD2A1B26AE2A00E9D2B0 /* WikiTests.xctest */,
			);
			name = Products;
			sourceTree = "<group>";
		};
		5624FD131B26AE2A00E9D2B0 /* Wiki */ = {
			isa = PBXGroup;
			children = (
				5624FD181B26AE2A00E9D2B0 /* AppDelegate.h */,
				5624FD191B26AE2A00E9D2B0 /* AppDelegate.m */,
				5624FD1B1B26AE2A00E9D2B0 /* ViewController.h */,
				5624FD1C1B26AE2A00E9D2B0 /* ViewController.m */,
				5624FD1E1B26AE2A00E9D2B0 /* Main.storyboard */,
				5624FD211B26AE2A00E9D2B0 /* Images.xcassets */,
				5624FD231B26AE2A00E9D2B0 /* LaunchScreen.xib */,
				5624FD141B26AE2A00E9D2B0 /* Supporting Files */,
			);
			path = Wiki;
			sourceTree = "<group>";
		};
		5624FD141B26AE2A00E9D2B0 /* Supporting Files */ = {
			isa = PBXGroup;
			children = (
				5624FD151B26AE2A00E9D2B0 /* Info.plist */,
				5624FD161B26AE2A00E9D2B0 /* main.m */,
			);
			name = "Supporting Files";
			sourceTree = "<group>";
		};
		5624FD2D1B26AE2A00E9D2B0 /* WikiTests */ = {
			isa = PBXGroup;
			children = (
				5624FD301B26AE2A00E9D2B0 /* WikiTests.m */,
				5624FD2E1B26AE2A00E9D2B0 /* Supporting Files */,
			);
			path = WikiTests;
			sourceTree = "<group>";
		};
		5624FD2E1B26AE2A00E9D2B0 /* Supporting Files */ = {
			isa = PBXGroup;
			children = (
				5624FD2F1B26AE2A00E9D2B0 /* Info.plist */,
			);
			name = "Supporting Files";
			sourceTree = "<group>";
		};
/* End PBXGroup section */

/* Begin PBXNativeTarget section */
		5624FD101B26AE2A00E9D2B0 /* Wiki */ = {
			isa = PBXNativeTarget;
			buildConfigurationList = 5624FD341B26AE2A00E9D2B0 /* Build configuration list for PBXNativeTarget "Wiki" */;
			buildPhases = (
				5624FD0D1B26AE2A00E9D2B0 /* Sources */,
				5624FD0E1B26AE2A00E9D2B0 /* Frameworks */,
				5624FD0F1B26AE2A00E9D2B0 /* Resources */,
			);
			buildRules = (
			);
			dependencies = (
			);
			name = Wiki;
			productName = Wiki;
			productReference = 5624FD111B26AE2A00E9D2B0 /* Wiki.app */;
			productType = "com.apple.product-type.application";
		};
		5624FD291B26AE2A00E9D2B0 /* WikiTests */ = {
			isa = PBXNativeTarget;
			buildConfigurationList = 5624FD371B26AE2A00E9D2B0 /* Build configuration list for PBXNativeTarget "WikiTests" */;
			buildPhases = (
				5624FD261B26AE2A00E9D2B0 /* Sources */,
				5624FD271B26AE2A00E9D2B0 /* Frameworks */,
				5624FD281B26AE2A00E9D2B0 /* Resources */,
			);
			buildRules = (
			);
			dependencies = (
				5624FD2C1B26AE2A00E9D2B0 /* PBXTargetDependency */,
			);
			name = WikiTests;
			productName = WikiTests;
			productReference = 5624FD2A1B26AE2A00E9D2B0 /* WikiTests.xctest */;
			productType = "com.apple.product-type.bundle.unit-test";
		};
/* End PBXNativeTarget section */

/* Begin PBXProject section */
		5624FD091B26AE2A00E9D2B0 /* Project object */ = {
			isa = PBXProject;
			attributes = {
				LastUpgradeCheck = 0630;
				ORGANIZATIONNAME = "ANANDSUDHAN CHINNACHAMY";
				TargetAttributes = {
					5624FD101B26AE2A00E9D2B0 = {
						CreatedOnToolsVersion = 6.3.2;
					};
					5624FD291B26AE2A00E9D2B0 = {
						CreatedOnToolsVersion = 6.3.2;
						TestTargetID = 5624FD101B26AE2A00E9D2B0;
					};
				};
			};
			buildConfigurationList = 5624FD0C1B26AE2A00E9D2B0 /* Build configuration list for PBXProject "Wiki" */;
			compatibilityVersion = "Xcode 3.2";
			developmentRegion = English;
			hasScannedForEncodings = 0;
			knownRegions = (
				en,
				Base,
			);
			mainGroup = 5624FD081B26AE2A00E9D2B0;
			productRefGroup = 5624FD121B26AE2A00E9D2B0 /* Products */;
			projectDirPath = "";
			projectRoot = "";
			targets = (
				5624FD101B26AE2A00E9D2B0 /* Wiki */,
				5624FD291B26AE2A00E9D2B0 /* WikiTests */,
			);
		};
/* End PBXProject section */

/* Begin PBXResourcesBuildPhase section */
		5624FD0F1B26AE2A00E9D2B0 /* Resources */ = {
			isa = PBXResourcesBuildPhase;
			buildActionMask = 2147483647;
			files = (
				5624FD201B26AE2A00E9D2B0 /* Main.storyboard in Resources */,
				5624FD251B26AE2A00E9D2B0 /* LaunchScreen.xib in Resources */,
				5624FD221B26AE2A00E9D2B0 /* Images.xcassets in Resources */,
			);
			runOnlyForDeploymentPostprocessing = 0;
		};
		5624FD281B26AE2A00E9D2B0 /* Resources */ = {
			isa = PBXResourcesBuildPhase;
			buildActionMask = 2147483647;
			files = (
			);
			runOnlyForDeploymentPostprocessing = 0;
		};
/* End PBXResourcesBuildPhase section */

/* Begin PBXSourcesBuildPhase section */
		5624FD0D1B26AE2A00E9D2B0 /* Sources */ = {
			isa = PBXSourcesBuildPhase;
			buildActionMask = 2147483647;
			files = (
				5624FD1D1B26AE2A00E9D2B0 /* ViewController.m in Sources */,
				5624FD1A1B26AE2A00E9D2B0 /* AppDelegate.m in Sources */,
				5624FD171B26AE2A00E9D2B0 /* main.m in Sources */,
			);
			runOnlyForDeploymentPostprocessing = 0;
		};
		5624FD261B26AE2A00E9D2B0 /* Sources */ = {
			isa = PBXSourcesBuildPhase;
			buildActionMask = 2147483647;
			files = (
				5624FD311B26AE2A00E9D2B0 /* WikiTests.m in Sources */,
			);
			runOnlyForDeploymentPostprocessing = 0;
		};
/* End PBXSourcesBuildPhase section */

/* Begin PBXTargetDependency section */
		5624FD2C1B26AE2A00E9D2B0 /* PBXTargetDependency */ = {
			isa = PBXTargetDependency;
			target = 5624FD101B26AE2A00E9D2B0 /* Wiki */;
			targetProxy = 5624FD2B1B26AE2A00E9D2B0 /* PBXContainerItemProxy */;
		};
/* End PBXTargetDependency section */

/* Begin PBXVariantGroup section */
		5624FD1E1B26AE2A00E9D2B0 /* Main.storyboard */ = {
			isa = PBXVariantGroup;
			children = (
				5624FD1F1B26AE2A00E9D2B0 /* Base */,
			);
			name = Main.storyboard;
			sourceTree = "<group>";
		};
		5624FD231B26AE2A00E9D2B0 /* LaunchScreen.xib */ = {
			isa = PBXVariantGroup;
			children = (
				5624FD241B26AE2A00E9D2B0 /* Base */,
			);
			name = LaunchScreen.xib;
			sourceTree = "<group>";
		};
/* End PBXVariantGroup section */

/* Begin XCBuildConfiguration section */
		5624FD321B26AE2A00E9D2B0 /* Debug */ = {
			isa = XCBuildConfiguration;
			buildSettings = {
				ALWAYS_SEARCH_USER_PATHS = NO;
				CLANG_CXX_LANGUAGE_STANDARD = "gnu++0x";
				CLANG_CXX_LIBRARY = "libc++";
				CLANG_ENABLE_MODULES = YES;
				CLANG_ENABLE_OBJC_ARC = YES;
				CLANG_WARN_BOOL_CONVERSION = YES;
				CLANG_WARN_CONSTANT_CONVERSION = YES;
				CLANG_WARN_DIRECT_OBJC_ISA_USAGE = YES_ERROR;
				CLANG_WARN_EMPTY_BODY = YES;
				CLANG_WARN_ENUM_CONVERSION = YES;
				CLANG_WARN_INT_CONVERSION = YES;
				CLANG_WARN_OBJC_ROOT_CLASS = YES_ERROR;
				CLANG_WARN_UNREACHABLE_CODE = YES;
				CLANG_WARN__DUPLICATE_METHOD_MATCH = YES;
				"CODE_SIGN_IDENTITY[sdk=iphoneos*]" = "iPhone Developer";
				COPY_PHASE_STRIP = NO;
				DEBUG_INFORMATION_FORMAT = "dwarf-with-dsym";
				ENABLE_STRICT_OBJC_MSGSEND = YES;
				GCC_C_LANGUAGE_STANDARD = gnu99;
				GCC_DYNAMIC_NO_PIC = NO;
				GCC_NO_COMMON_BLOCKS = YES;
				GCC_OPTIMIZATION_LEVEL = 0;
				GCC_PREPROCESSOR_DEFINITIONS = (
					"DEBUG=1",
					"$(inherited)",
				);
				GCC_SYMBOLS_PRIVATE_EXTERN = NO;
				GCC_WARN_64_TO_32_BIT_CONVERSION = YES;
				GCC_WARN_ABOUT_RETURN_TYPE = YES_ERROR;
				GCC_WARN_UNDECLARED_SELECTOR = YES;
				GCC_WARN_UNINITIALIZED_AUTOS = YES_AGGRESSIVE;
				GCC_WARN_UNUSED_FUNCTION = YES;
				GCC_WARN_UNUSED_VARIABLE = YES;
				IPHONEOS_DEPLOYMENT_TARGET = 8.3;
				MTL_ENABLE_DEBUG_INFO = YES;
				ONLY_ACTIVE_ARCH = YES;
				SDKROOT = iphoneos;
				TARGETED_DEVICE_FAMILY = "1,2";
			};
			name = Debug;
		};
		5624FD331B26AE2A00E9D2B0 /* Release */ = {
			isa = XCBuildConfiguration;
			buildSettings = {
				ALWAYS_SEARCH_USER_PATHS = NO;
				CLANG_CXX_LANGUAGE_STANDARD = "gnu++0x";
				CLANG_CXX_LIBRARY = "libc++";
				CLANG_ENABLE_MODULES = YES;
				CLANG_ENABLE_OBJC_ARC = YES;
				CLANG_WARN_BOOL_CONVERSION = YES;
				CLANG_WARN_CONSTANT_CONVERSION = YES;
				CLANG_WARN_DIRECT_OBJC_ISA_USAGE = YES_ERROR;
				CLANG_WARN_EMPTY_BODY = YES;
				CLANG_WARN_ENUM_CONVERSION = YES;
				CLANG_WARN_INT_CONVERSION = YES;
				CLANG_WARN_OBJC_ROOT_CLASS = YES_ERROR;
				CLANG_WARN_UNREACHABLE_CODE = YES;
				CLANG_WARN__DUPLICATE_METHOD_MATCH = YES;
				"CODE_SIGN_IDENTITY[sdk=iphoneos*]" = "iPhone Developer";
				COPY_PHASE_STRIP = NO;
				DEBUG_INFORMATION_FORMAT = "dwarf-with-dsym";
				ENABLE_NS_ASSERTIONS = NO;
				ENABLE_STRICT_OBJC_MSGSEND = YES;
				GCC_C_LANGUAGE_STANDARD = gnu99;
				GCC_NO_COMMON_BLOCKS = YES;
				GCC_WARN_64_TO_32_BIT_CONVERSION = YES;
				GCC_WARN_ABOUT_RETURN_TYPE = YES_ERROR;
				GCC_WARN_UNDECLARED_SELECTOR = YES;
				GCC_WARN_UNINITIALIZED_AUTOS = YES_AGGRESSIVE;
				GCC_WARN_UNUSED_FUNCTION = YES;
				GCC_WARN_UNUSED_VARIABLE = YES;
				IPHONEOS_DEPLOYMENT_TARGET = 8.3;
				MTL_ENABLE_DEBUG_INFO = NO;
				SDKROOT = iphoneos;
				TARGETED_DEVICE_FAMILY = "1,2";
				VALIDATE_PRODUCT = YES;
			};
			name = Release;
		};
		5624FD351B26AE2A00E9D2B0 /* Debug */ = {
			isa = XCBuildConfiguration;
			buildSettings = {
				ASSETCATALOG_COMPILER_APPICON_NAME = AppIcon;
				INFOPLIST_FILE = Wiki/Info.plist;
				LD_RUNPATH_SEARCH_PATHS = "$(inherited) @executable_path/Frameworks";
				PRODUCT_NAME = "$(TARGET_NAME)";
			};
			name = Debug;
		};
		5624FD361B26AE2A00E9D2B0 /* Release */ = {
			isa = XCBuildConfiguration;
			buildSettings = {
				ASSETCATALOG_COMPILER_APPICON_NAME = AppIcon;
				INFOPLIST_FILE = Wiki/Info.plist;
				LD_RUNPATH_SEARCH_PATHS = "$(inherited) @executable_path/Frameworks";
				PRODUCT_NAME = "$(TARGET_NAME)";
			};
			name = Release;
		};
		5624FD381B26AE2A00E9D2B0 /* Debug */ = {
			isa = XCBuildConfiguration;
			buildSettings = {
				BUNDLE_LOADER = "$(TEST_HOST)";
				FRAMEWORK_SEARCH_PATHS = (
					"$(SDKROOT)/Developer/Library/Frameworks",
					"$(inherited)",
				);
				GCC_PREPROCESSOR_DEFINITIONS = (
					"DEBUG=1",
					"$(inherited)",
				);
				INFOPLIST_FILE = WikiTests/Info.plist;
				LD_RUNPATH_SEARCH_PATHS = "$(inherited) @executable_path/Frameworks @loader_path/Frameworks";
				PRODUCT_NAME = "$(TARGET_NAME)";
				TEST_HOST = "$(BUILT_PRODUCTS_DIR)/Wiki.app/Wiki";
			};
			name = Debug;
		};
		5624FD391B26AE2A00E9D2B0 /* Release */ = {
			isa = XCBuildConfiguration;
			buildSettings = {
				BUNDLE_LOADER = "$(TEST_HOST)";
				FRAMEWORK_SEARCH_PATHS = (
					"$(SDKROOT)/Developer/Library/Frameworks",
					"$(inherited)",
				);
				INFOPLIST_FILE = WikiTests/Info.plist;
				LD_RUNPATH_SEARCH_PATHS = "$(inherited) @executable_path/Frameworks @loader_path/Frameworks";
				PRODUCT_NAME = "$(TARGET_NAME)";
				TEST_HOST = "$(BUILT_PRODUCTS_DIR)/Wiki.app/Wiki";
			};
			name = Release;
		};
/* End XCBuildConfiguration section */

/* Begin XCConfigurationList section */
		5624FD0C1B26AE2A00E9D2B0 /* Build configuration list for PBXProject "Wiki" */ = {
			isa = XCConfigurationList;
			buildConfigurations = (
				5624FD321B26AE2A00E9D2B0 /* Debug */,
				5624FD331B26AE2A00E9D2B0 /* Release */,
			);
			defaultConfigurationIsVisible = 0;
			defaultConfigurationName = Release;
		};
		5624FD341B26AE2A00E9D2B0 /* Build configuration list for PBXNativeTarget "Wiki" */ = {
			isa = XCConfigurationList;
			buildConfigurations = (
				5624FD351B26AE2A00E9D2B0 /* Debug */,
				5624FD361B26AE2A00E9D2B0 /* Release */,
			);
			defaultConfigurationIsVisible = 0;
		};
		5624FD371B26AE2A00E9D2B0 /* Build configuration list for PBXNativeTarget "WikiTests" */ = {
			isa = XCConfigurationList;
			buildConfigurations = (
				5624FD381B26AE2A00E9D2B0 /* Debug */,
				5624FD391B26AE2A00E9D2B0 /* Release */,
			);
			defaultConfigurationIsVisible = 0;
		};
/* End XCConfigurationList section */
	};
	rootObject = 5624FD091B26AE2A00E9D2B0 /* Project object */;
}
